schema: '2.0'
stages:
  preprocess:
    cmd: python src/preprocess.py
    deps:
    - path: a1_RestaurantReviews_HistoricDump.tsv
      md5: 102f1f4193e0bdebdd6cce7f13e0a839
      size: 55587
    - path: src/helper.py
      md5: b3f98ab267144d6f8ffa7551595fac1a
      size: 107
    - path: src/preprocess.py
      md5: 825647111b12057b99b3342f6f48122d
      size: 1156
    outs:
    - path: out/c1_BoW_Sentiment_Model.pkl
      md5: 4356a4e5a5213998044e5dc60d722980
      size: 34146
    - path: out/preprocessed.joblib
      md5: 49a5fe2e0f8aa641ca15e2d33ea4a8f9
      size: 10224187
  train_model:
    cmd: python src/model.py
    deps:
    - path: a1_RestaurantReviews_HistoricDump.tsv
      md5: 102f1f4193e0bdebdd6cce7f13e0a839
      size: 55587
    - path: out/preprocessed.joblib
      md5: 49a5fe2e0f8aa641ca15e2d33ea4a8f9
      size: 10224187
    - path: src/helper.py
      md5: b3f98ab267144d6f8ffa7551595fac1a
      size: 107
    - path: src/model.py
      md5: 092f19e01f18e86fb2976975151b8e12
      size: 1606
    outs:
    - path: out/c2_Classifier_Sentiment_model.joblib
      md5: 1d0f5e660ed68bb5bca084b3611892e8
      size: 46127
    - path: summary.json
      md5: 20f5f52a61d08b05d4d1146d0bf26f2a
      size: 92
